
Microsoft Visual Studio Solution File, Format Version 12.00
# Visual Studio Version 17
VisualStudioVersion = 17.11.35303.130
MinimumVisualStudioVersion = 10.0.40219.1
Project("{FAE04EC0-301F-11D3-BF4B-00C04F79EFBC}") = "4.0", "4.0\4.0.csproj", "{DFCF7B1B-67EF-4851-8C4A-68E8D1907ED7}"
EndProject
Global
	GlobalSection(SolutionConfigurationPlatforms) = preSolution
		Debug|Any CPU = Debug|Any CPU
		Release|Any CPU = Release|Any CPU
	EndGlobalSection
	GlobalSection(ProjectConfigurationPlatforms) = postSolution
		{DFCF7B1B-67EF-4851-8C4A-68E8D1907ED7}.Debug|Any CPU.ActiveCfg = Debug|Any CPU
		{DFCF7B1B-67EF-4851-8C4A-68E8D1907ED7}.Debug|Any CPU.Build.0 = Debug|Any CPU
		{DFCF7B1B-67EF-4851-8C4A-68E8D1907ED7}.Release|Any CPU.ActiveCfg = Release|Any CPU
		{DFCF7B1B-67EF-4851-8C4A-68E8D1907ED7}.Release|Any CPU.Build.0 = Release|Any CPU
	EndGlobalSection
	GlobalSection(SolutionProperties) = preSolution
		HideSolutionNode = FALSE
	EndGlobalSection
	GlobalSection(ExtensibilityGlobals) = postSolution
		SolutionGuid = {88B02BDC-A819-4B8A-AE51-1BF54535876C}
	EndGlobalSection
EndGlobal
