
Microsoft Visual Studio Solution File, Format Version 12.00
# Visual Studio Version 17
VisualStudioVersion = 17.11.35303.130
MinimumVisualStudioVersion = 10.0.40219.1
Project("{FAE04EC0-301F-11D3-BF4B-00C04F79EFBC}") = "6.0", "6.0\6.0.csproj", "{A181AC08-7B92-45DD-83EC-A37195886B44}"
EndProject
Global
	GlobalSection(SolutionConfigurationPlatforms) = preSolution
		Debug|Any CPU = Debug|Any CPU
		Release|Any CPU = Release|Any CPU
	EndGlobalSection
	GlobalSection(ProjectConfigurationPlatforms) = postSolution
		{A181AC08-7B92-45DD-83EC-A37195886B44}.Debug|Any CPU.ActiveCfg = Debug|Any CPU
		{A181AC08-7B92-45DD-83EC-A37195886B44}.Debug|Any CPU.Build.0 = Debug|Any CPU
		{A181AC08-7B92-45DD-83EC-A37195886B44}.Release|Any CPU.ActiveCfg = Release|Any CPU
		{A181AC08-7B92-45DD-83EC-A37195886B44}.Release|Any CPU.Build.0 = Release|Any CPU
	EndGlobalSection
	GlobalSection(SolutionProperties) = preSolution
		HideSolutionNode = FALSE
	EndGlobalSection
	GlobalSection(ExtensibilityGlobals) = postSolution
		SolutionGuid = {359881E8-0A8E-44F8-A2EE-247FF8B01D6E}
	EndGlobalSection
EndGlobal
